
Microsoft Visual Studio Solution File, Format Version 12.00
# Visual Studio Version 16
VisualStudioVersion = 16.0.29418.71
MinimumVisualStudioVersion = 10.0.40219.1
Project("{9A19103F-16F7-4668-BE54-9A1E7A4F7556}") = "ECC.NET", "ECC.NET\ECC.NET.csproj", "{9153353F-9CA0-4A8B-B24A-BB6208FB95B9}"
EndProject
Project("{9A19103F-16F7-4668-BE54-9A1E7A4F7556}") = "ECC.NET.Exceptions", "ECC.NET.Exceptions\ECC.NET.Exceptions.csproj", "{F4EE54A2-39FA-4EB8-8B7C-7114E0C0EB0E}"
EndProject
Project("{FAE04EC0-301F-11D3-BF4B-00C04F79EFBC}") = "ECC.NET.Test", "ECC.NET.Test\ECC.NET.Test.csproj", "{7739FD4E-9C87-425E-B779-5A69A595F72A}"
EndProject
Global
	GlobalSection(SolutionConfigurationPlatforms) = preSolution
		Debug|Any CPU = Debug|Any CPU
		Release|Any CPU = Release|Any CPU
	EndGlobalSection
	GlobalSection(ProjectConfigurationPlatforms) = postSolution
		{9153353F-9CA0-4A8B-B24A-BB6208FB95B9}.Debug|Any CPU.ActiveCfg = Debug|Any CPU
		{9153353F-9CA0-4A8B-B24A-BB6208FB95B9}.Debug|Any CPU.Build.0 = Debug|Any CPU
		{9153353F-9CA0-4A8B-B24A-BB6208FB95B9}.Release|Any CPU.ActiveCfg = Release|Any CPU
		{9153353F-9CA0-4A8B-B24A-BB6208FB95B9}.Release|Any CPU.Build.0 = Release|Any CPU
		{F4EE54A2-39FA-4EB8-8B7C-7114E0C0EB0E}.Debug|Any CPU.ActiveCfg = Debug|Any CPU
		{F4EE54A2-39FA-4EB8-8B7C-7114E0C0EB0E}.Debug|Any CPU.Build.0 = Debug|Any CPU
		{F4EE54A2-39FA-4EB8-8B7C-7114E0C0EB0E}.Release|Any CPU.ActiveCfg = Release|Any CPU
		{F4EE54A2-39FA-4EB8-8B7C-7114E0C0EB0E}.Release|Any CPU.Build.0 = Release|Any CPU
		{7739FD4E-9C87-425E-B779-5A69A595F72A}.Debug|Any CPU.ActiveCfg = Debug|Any CPU
		{7739FD4E-9C87-425E-B779-5A69A595F72A}.Debug|Any CPU.Build.0 = Debug|Any CPU
		{7739FD4E-9C87-425E-B779-5A69A595F72A}.Release|Any CPU.ActiveCfg = Release|Any CPU
		{7739FD4E-9C87-425E-B779-5A69A595F72A}.Release|Any CPU.Build.0 = Release|Any CPU
	EndGlobalSection
	GlobalSection(SolutionProperties) = preSolution
		HideSolutionNode = FALSE
	EndGlobalSection
	GlobalSection(ExtensibilityGlobals) = postSolution
		SolutionGuid = {91A4DE28-D68C-4C68-81DC-19E2B36C3F2D}
	EndGlobalSection
EndGlobal
